
Microsoft Visual Studio Solution File, Format Version 12.00
# Visual Studio Version 17
VisualStudioVersion = 17.13.35828.75 d17.13
MinimumVisualStudioVersion = 10.0.40219.1
Project("{FAE04EC0-301F-11D3-BF4B-00C04F79EFBC}") = "DatosAsincronicaListas", "DatosAsincronicaListas\DatosAsincronicaListas.csproj", "{6C271F3C-2D47-4944-B04A-6E9134338112}"
EndProject
Project("{FAE04EC0-301F-11D3-BF4B-00C04F79EFBC}") = "ListTest", "ListTest\ListTest.csproj", "{A5E1C304-BD1A-47F4-B085-9D0F07FAC5FD}"
EndProject
Global
	GlobalSection(SolutionConfigurationPlatforms) = preSolution
		Debug|Any CPU = Debug|Any CPU
		Release|Any CPU = Release|Any CPU
	EndGlobalSection
	GlobalSection(ProjectConfigurationPlatforms) = postSolution
		{6C271F3C-2D47-4944-B04A-6E9134338112}.Debug|Any CPU.ActiveCfg = Debug|Any CPU
		{6C271F3C-2D47-4944-B04A-6E9134338112}.Debug|Any CPU.Build.0 = Debug|Any CPU
		{6C271F3C-2D47-4944-B04A-6E9134338112}.Release|Any CPU.ActiveCfg = Release|Any CPU
		{6C271F3C-2D47-4944-B04A-6E9134338112}.Release|Any CPU.Build.0 = Release|Any CPU
		{A5E1C304-BD1A-47F4-B085-9D0F07FAC5FD}.Debug|Any CPU.ActiveCfg = Debug|Any CPU
		{A5E1C304-BD1A-47F4-B085-9D0F07FAC5FD}.Debug|Any CPU.Build.0 = Debug|Any CPU
		{A5E1C304-BD1A-47F4-B085-9D0F07FAC5FD}.Release|Any CPU.ActiveCfg = Release|Any CPU
		{A5E1C304-BD1A-47F4-B085-9D0F07FAC5FD}.Release|Any CPU.Build.0 = Release|Any CPU
	EndGlobalSection
	GlobalSection(SolutionProperties) = preSolution
		HideSolutionNode = FALSE
	EndGlobalSection
	GlobalSection(ExtensibilityGlobals) = postSolution
		SolutionGuid = {2303AEFE-E769-4857-9699-9C10568152BD}
	EndGlobalSection
EndGlobal
